
Microsoft Visual Studio Solution File, Format Version 12.00
# Visual Studio Version 17
VisualStudioVersion = 17.6.33723.286
MinimumVisualStudioVersion = 10.0.40219.1
Project("{FAE04EC0-301F-11D3-BF4B-00C04F79EFBC}") = "EClient", "EClient\EClient.csproj", "{212776F1-260A-4913-B793-CEDD3BDFD009}"
EndProject
Project("{FAE04EC0-301F-11D3-BF4B-00C04F79EFBC}") = "EHost.App", "EService\EHost.App.csproj", "{46C7B635-6CF5-46C6-9B44-09E10758A25A}"
EndProject
Project("{2150E333-8FDC-42A3-9474-1A3956D46DE8}") = "Solution Items", "Solution Items", "{DBCF9245-FE2B-44E3-B9D9-9BCC9688295F}"
	ProjectSection(SolutionItems) = preProject
		.editorconfig = .editorconfig
	EndProjectSection
EndProject
Project("{FAE04EC0-301F-11D3-BF4B-00C04F79EFBC}") = "EConsole", "EConsole\EConsole.csproj", "{7B3E4F37-5F4D-44F7-AD19-CEA72B112BA5}"
EndProject
Project("{FAE04EC0-301F-11D3-BF4B-00C04F79EFBC}") = "UniteTest", "UniteTest\UniteTest.csproj", "{FCBC8C92-5780-4833-AC39-B59FCBF121C6}"
EndProject
Project("{2150E333-8FDC-42A3-9474-1A3956D46DE8}") = "EHostService", "EHostService", "{EA668254-5312-4837-8797-0A12309E61C7}"
EndProject
Project("{FAE04EC0-301F-11D3-BF4B-00C04F79EFBC}") = "EHost.Contract", "EHost.Model\EHost.Contract.csproj", "{C7239BDC-734F-4E77-8C55-0061C3EF7256}"
EndProject
Project("{FAE04EC0-301F-11D3-BF4B-00C04F79EFBC}") = "EHost.Db", "EHost.Db\EHost.Db.csproj", "{AE4FE010-9E53-4F64-839F-E3E87AB1AC10}"
EndProject
Project("{FAE04EC0-301F-11D3-BF4B-00C04F79EFBC}") = "EHost.TcpServer", "EHost.TcpServer\EHost.TcpServer.csproj", "{E230D545-325C-42A8-971E-8F32D6165E30}"
EndProject
Project("{FAE04EC0-301F-11D3-BF4B-00C04F79EFBC}") = "EMqttRelay", "EMqttRelay\EMqttRelay.csproj", "{742C47C0-CC2B-42EB-92C9-BCA9E2BE7E89}"
EndProject
Global
	GlobalSection(SolutionConfigurationPlatforms) = preSolution
		Debug|Any CPU = Debug|Any CPU
		Release|Any CPU = Release|Any CPU
	EndGlobalSection
	GlobalSection(ProjectConfigurationPlatforms) = postSolution
		{212776F1-260A-4913-B793-CEDD3BDFD009}.Debug|Any CPU.ActiveCfg = Debug|Any CPU
		{212776F1-260A-4913-B793-CEDD3BDFD009}.Debug|Any CPU.Build.0 = Debug|Any CPU
		{212776F1-260A-4913-B793-CEDD3BDFD009}.Release|Any CPU.ActiveCfg = Release|Any CPU
		{212776F1-260A-4913-B793-CEDD3BDFD009}.Release|Any CPU.Build.0 = Release|Any CPU
		{46C7B635-6CF5-46C6-9B44-09E10758A25A}.Debug|Any CPU.ActiveCfg = Debug|Any CPU
		{46C7B635-6CF5-46C6-9B44-09E10758A25A}.Debug|Any CPU.Build.0 = Debug|Any CPU
		{46C7B635-6CF5-46C6-9B44-09E10758A25A}.Release|Any CPU.ActiveCfg = Release|Any CPU
		{46C7B635-6CF5-46C6-9B44-09E10758A25A}.Release|Any CPU.Build.0 = Release|Any CPU
		{7B3E4F37-5F4D-44F7-AD19-CEA72B112BA5}.Debug|Any CPU.ActiveCfg = Debug|Any CPU
		{7B3E4F37-5F4D-44F7-AD19-CEA72B112BA5}.Debug|Any CPU.Build.0 = Debug|Any CPU
		{7B3E4F37-5F4D-44F7-AD19-CEA72B112BA5}.Release|Any CPU.ActiveCfg = Release|Any CPU
		{7B3E4F37-5F4D-44F7-AD19-CEA72B112BA5}.Release|Any CPU.Build.0 = Release|Any CPU
		{FCBC8C92-5780-4833-AC39-B59FCBF121C6}.Debug|Any CPU.ActiveCfg = Debug|Any CPU
		{FCBC8C92-5780-4833-AC39-B59FCBF121C6}.Debug|Any CPU.Build.0 = Debug|Any CPU
		{FCBC8C92-5780-4833-AC39-B59FCBF121C6}.Release|Any CPU.ActiveCfg = Release|Any CPU
		{FCBC8C92-5780-4833-AC39-B59FCBF121C6}.Release|Any CPU.Build.0 = Release|Any CPU
		{C7239BDC-734F-4E77-8C55-0061C3EF7256}.Debug|Any CPU.ActiveCfg = Debug|Any CPU
		{C7239BDC-734F-4E77-8C55-0061C3EF7256}.Debug|Any CPU.Build.0 = Debug|Any CPU
		{C7239BDC-734F-4E77-8C55-0061C3EF7256}.Release|Any CPU.ActiveCfg = Release|Any CPU
		{C7239BDC-734F-4E77-8C55-0061C3EF7256}.Release|Any CPU.Build.0 = Release|Any CPU
		{AE4FE010-9E53-4F64-839F-E3E87AB1AC10}.Debug|Any CPU.ActiveCfg = Debug|Any CPU
		{AE4FE010-9E53-4F64-839F-E3E87AB1AC10}.Debug|Any CPU.Build.0 = Debug|Any CPU
		{AE4FE010-9E53-4F64-839F-E3E87AB1AC10}.Release|Any CPU.ActiveCfg = Release|Any CPU
		{AE4FE010-9E53-4F64-839F-E3E87AB1AC10}.Release|Any CPU.Build.0 = Release|Any CPU
		{E230D545-325C-42A8-971E-8F32D6165E30}.Debug|Any CPU.ActiveCfg = Debug|Any CPU
		{E230D545-325C-42A8-971E-8F32D6165E30}.Debug|Any CPU.Build.0 = Debug|Any CPU
		{E230D545-325C-42A8-971E-8F32D6165E30}.Release|Any CPU.ActiveCfg = Release|Any CPU
		{E230D545-325C-42A8-971E-8F32D6165E30}.Release|Any CPU.Build.0 = Release|Any CPU
		{742C47C0-CC2B-42EB-92C9-BCA9E2BE7E89}.Debug|Any CPU.ActiveCfg = Debug|Any CPU
		{742C47C0-CC2B-42EB-92C9-BCA9E2BE7E89}.Debug|Any CPU.Build.0 = Debug|Any CPU
		{742C47C0-CC2B-42EB-92C9-BCA9E2BE7E89}.Release|Any CPU.ActiveCfg = Release|Any CPU
		{742C47C0-CC2B-42EB-92C9-BCA9E2BE7E89}.Release|Any CPU.Build.0 = Release|Any CPU
	EndGlobalSection
	GlobalSection(SolutionProperties) = preSolution
		HideSolutionNode = FALSE
	EndGlobalSection
	GlobalSection(NestedProjects) = preSolution
		{46C7B635-6CF5-46C6-9B44-09E10758A25A} = {EA668254-5312-4837-8797-0A12309E61C7}
		{C7239BDC-734F-4E77-8C55-0061C3EF7256} = {EA668254-5312-4837-8797-0A12309E61C7}
		{AE4FE010-9E53-4F64-839F-E3E87AB1AC10} = {EA668254-5312-4837-8797-0A12309E61C7}
		{E230D545-325C-42A8-971E-8F32D6165E30} = {EA668254-5312-4837-8797-0A12309E61C7}
	EndGlobalSection
	GlobalSection(ExtensibilityGlobals) = postSolution
		SolutionGuid = {3B255452-30CD-4D49-859B-A80957ABCD7A}
	EndGlobalSection
EndGlobal
